
Microsoft Visual Studio Solution File, Format Version 12.00
# Visual Studio 15
VisualStudioVersion = 15.0.28010.2019
MinimumVisualStudioVersion = 10.0.40219.1
Project("{FAE04EC0-301F-11D3-BF4B-00C04F79EFBC}") = "График", "График\График.csproj", "{EC52CC4F-37E4-4D00-8BE1-AE56870B5D5B}"
EndProject
Global
	GlobalSection(SolutionConfigurationPlatforms) = preSolution
		Debug|Any CPU = Debug|Any CPU
		Release|Any CPU = Release|Any CPU
	EndGlobalSection
	GlobalSection(ProjectConfigurationPlatforms) = postSolution
		{EC52CC4F-37E4-4D00-8BE1-AE56870B5D5B}.Debug|Any CPU.ActiveCfg = Debug|Any CPU
		{EC52CC4F-37E4-4D00-8BE1-AE56870B5D5B}.Debug|Any CPU.Build.0 = Debug|Any CPU
		{EC52CC4F-37E4-4D00-8BE1-AE56870B5D5B}.Release|Any CPU.ActiveCfg = Release|Any CPU
		{EC52CC4F-37E4-4D00-8BE1-AE56870B5D5B}.Release|Any CPU.Build.0 = Release|Any CPU
	EndGlobalSection
	GlobalSection(SolutionProperties) = preSolution
		HideSolutionNode = FALSE
	EndGlobalSection
	GlobalSection(ExtensibilityGlobals) = postSolution
		SolutionGuid = {DE7507F6-DE49-464B-9F96-80B2D070693A}
	EndGlobalSection
EndGlobal
